
Microsoft Visual Studio Solution File, Format Version 12.00
Project("{FAE04EC0-301F-11D3-BF4B-00C04F79EFBC}") = "PublicApi", "src\PublicApi\PublicApi.csproj", "{4D06DC5C-B162-431F-A2F5-46C2CF09E9C7}"
EndProject
Project("{FAE04EC0-301F-11D3-BF4B-00C04F79EFBC}") = "Infrastructure", "src\Infrastructure\Infrastructure.csproj", "{D681078B-31C9-4C46-94E5-342C4A0287A2}"
EndProject
Project("{FAE04EC0-301F-11D3-BF4B-00C04F79EFBC}") = "Entities", "src\Entities\Entities.csproj", "{ABC2AC08-4EDA-421F-B790-5A86D1A97FAE}"
EndProject
Project("{FAE04EC0-301F-11D3-BF4B-00C04F79EFBC}") = "ApplicationCore", "src\ApplicationCore\ApplicationCore.csproj", "{170875AF-14E1-4E22-B0B9-D5C991D558E4}"
EndProject
Project("{FAE04EC0-301F-11D3-BF4B-00C04F79EFBC}") = "FinanceAccounting.Tests", "FinanceAccounting.Tests\FinanceAccounting.Tests.csproj", "{205B1713-8BB1-4C49-81E8-8A9245807F76}"
EndProject
Global
	GlobalSection(SolutionConfigurationPlatforms) = preSolution
		Debug|Any CPU = Debug|Any CPU
		Release|Any CPU = Release|Any CPU
	EndGlobalSection
	GlobalSection(ProjectConfigurationPlatforms) = postSolution
		{4D06DC5C-B162-431F-A2F5-46C2CF09E9C7}.Debug|Any CPU.ActiveCfg = Debug|Any CPU
		{4D06DC5C-B162-431F-A2F5-46C2CF09E9C7}.Debug|Any CPU.Build.0 = Debug|Any CPU
		{4D06DC5C-B162-431F-A2F5-46C2CF09E9C7}.Release|Any CPU.ActiveCfg = Release|Any CPU
		{4D06DC5C-B162-431F-A2F5-46C2CF09E9C7}.Release|Any CPU.Build.0 = Release|Any CPU
		{D681078B-31C9-4C46-94E5-342C4A0287A2}.Debug|Any CPU.ActiveCfg = Debug|Any CPU
		{D681078B-31C9-4C46-94E5-342C4A0287A2}.Debug|Any CPU.Build.0 = Debug|Any CPU
		{D681078B-31C9-4C46-94E5-342C4A0287A2}.Release|Any CPU.ActiveCfg = Release|Any CPU
		{D681078B-31C9-4C46-94E5-342C4A0287A2}.Release|Any CPU.Build.0 = Release|Any CPU
		{ABC2AC08-4EDA-421F-B790-5A86D1A97FAE}.Debug|Any CPU.ActiveCfg = Debug|Any CPU
		{ABC2AC08-4EDA-421F-B790-5A86D1A97FAE}.Debug|Any CPU.Build.0 = Debug|Any CPU
		{ABC2AC08-4EDA-421F-B790-5A86D1A97FAE}.Release|Any CPU.ActiveCfg = Release|Any CPU
		{ABC2AC08-4EDA-421F-B790-5A86D1A97FAE}.Release|Any CPU.Build.0 = Release|Any CPU
		{170875AF-14E1-4E22-B0B9-D5C991D558E4}.Debug|Any CPU.ActiveCfg = Debug|Any CPU
		{170875AF-14E1-4E22-B0B9-D5C991D558E4}.Debug|Any CPU.Build.0 = Debug|Any CPU
		{170875AF-14E1-4E22-B0B9-D5C991D558E4}.Release|Any CPU.ActiveCfg = Release|Any CPU
		{170875AF-14E1-4E22-B0B9-D5C991D558E4}.Release|Any CPU.Build.0 = Release|Any CPU
		{205B1713-8BB1-4C49-81E8-8A9245807F76}.Debug|Any CPU.ActiveCfg = Debug|Any CPU
		{205B1713-8BB1-4C49-81E8-8A9245807F76}.Debug|Any CPU.Build.0 = Debug|Any CPU
		{205B1713-8BB1-4C49-81E8-8A9245807F76}.Release|Any CPU.ActiveCfg = Release|Any CPU
		{205B1713-8BB1-4C49-81E8-8A9245807F76}.Release|Any CPU.Build.0 = Release|Any CPU
	EndGlobalSection
EndGlobal
